
Microsoft Visual Studio Solution File, Format Version 12.00
# Visual Studio Version 17
VisualStudioVersion = 17.0.32014.148
MinimumVisualStudioVersion = 10.0.40219.1
Project("{9A19103F-16F7-4668-BE54-9A1E7A4F7556}") = "Boost.Proto.Actor.Hosting.OpenTelemetry.SampleApp", "Boost.Proto.Actor.Hosting.OpenTelemetry.SampleApp\Boost.Proto.Actor.Hosting.OpenTelemetry.SampleApp.csproj", "{926901DF-8BF1-48B8-A0B4-AA5D128C0E1B}"
EndProject
Project("{9A19103F-16F7-4668-BE54-9A1E7A4F7556}") = "Boost.Proto.Actor.Hosting.OpenTelemetry.SampleApp.Front", "Boost.Proto.Actor.Hosting.OpenTelemetry.SampleApp.Front\Boost.Proto.Actor.Hosting.OpenTelemetry.SampleApp.Front.csproj", "{F69F7235-1CAE-4F28-B7EE-F18DEB8672A6}"
EndProject
Project("{9A19103F-16F7-4668-BE54-9A1E7A4F7556}") = "Boost.Proto.Actor.Hosting.Cluster", "..\src\Boost.Proto.Actor.Hosting.Cluster\Boost.Proto.Actor.Hosting.Cluster.csproj", "{3686A38D-A0AD-449C-8D5E-311CD4728353}"
EndProject
Global
	GlobalSection(SolutionConfigurationPlatforms) = preSolution
		Debug|Any CPU = Debug|Any CPU
		Release|Any CPU = Release|Any CPU
	EndGlobalSection
	GlobalSection(ProjectConfigurationPlatforms) = postSolution
		{926901DF-8BF1-48B8-A0B4-AA5D128C0E1B}.Debug|Any CPU.ActiveCfg = Debug|Any CPU
		{926901DF-8BF1-48B8-A0B4-AA5D128C0E1B}.Debug|Any CPU.Build.0 = Debug|Any CPU
		{926901DF-8BF1-48B8-A0B4-AA5D128C0E1B}.Release|Any CPU.ActiveCfg = Release|Any CPU
		{926901DF-8BF1-48B8-A0B4-AA5D128C0E1B}.Release|Any CPU.Build.0 = Release|Any CPU
		{F69F7235-1CAE-4F28-B7EE-F18DEB8672A6}.Debug|Any CPU.ActiveCfg = Debug|Any CPU
		{F69F7235-1CAE-4F28-B7EE-F18DEB8672A6}.Debug|Any CPU.Build.0 = Debug|Any CPU
		{F69F7235-1CAE-4F28-B7EE-F18DEB8672A6}.Release|Any CPU.ActiveCfg = Release|Any CPU
		{F69F7235-1CAE-4F28-B7EE-F18DEB8672A6}.Release|Any CPU.Build.0 = Release|Any CPU
		{3686A38D-A0AD-449C-8D5E-311CD4728353}.Debug|Any CPU.ActiveCfg = Debug|Any CPU
		{3686A38D-A0AD-449C-8D5E-311CD4728353}.Debug|Any CPU.Build.0 = Debug|Any CPU
		{3686A38D-A0AD-449C-8D5E-311CD4728353}.Release|Any CPU.ActiveCfg = Release|Any CPU
		{3686A38D-A0AD-449C-8D5E-311CD4728353}.Release|Any CPU.Build.0 = Release|Any CPU
	EndGlobalSection
	GlobalSection(SolutionProperties) = preSolution
		HideSolutionNode = FALSE
	EndGlobalSection
	GlobalSection(ExtensibilityGlobals) = postSolution
		SolutionGuid = {2FC62B5B-B784-4058-85D6-20039B1016D3}
	EndGlobalSection
EndGlobal
